
Microsoft Visual Studio Solution File, Format Version 12.00
# Visual Studio Version 17
VisualStudioVersion = 17.14.36202.13 d17.14
MinimumVisualStudioVersion = 10.0.40219.1
Project("{FAE04EC0-301F-11D3-BF4B-00C04F79EFBC}") = "Lesson_08_07", "Lesson_08_07\Lesson_08_07.csproj", "{3F16AFC4-88FF-4A28-B5FC-0FCA80ADBB11}"
EndProject
Global
	GlobalSection(SolutionConfigurationPlatforms) = preSolution
		Debug|Any CPU = Debug|Any CPU
		Release|Any CPU = Release|Any CPU
	EndGlobalSection
	GlobalSection(ProjectConfigurationPlatforms) = postSolution
		{3F16AFC4-88FF-4A28-B5FC-0FCA80ADBB11}.Debug|Any CPU.ActiveCfg = Debug|Any CPU
		{3F16AFC4-88FF-4A28-B5FC-0FCA80ADBB11}.Debug|Any CPU.Build.0 = Debug|Any CPU
		{3F16AFC4-88FF-4A28-B5FC-0FCA80ADBB11}.Release|Any CPU.ActiveCfg = Release|Any CPU
		{3F16AFC4-88FF-4A28-B5FC-0FCA80ADBB11}.Release|Any CPU.Build.0 = Release|Any CPU
	EndGlobalSection
	GlobalSection(SolutionProperties) = preSolution
		HideSolutionNode = FALSE
	EndGlobalSection
	GlobalSection(ExtensibilityGlobals) = postSolution
		SolutionGuid = {BFD92022-C11C-4687-AE2E-BE5E9B7C8456}
	EndGlobalSection
EndGlobal
