
Microsoft Visual Studio Solution File, Format Version 12.00
# Visual Studio Version 17
VisualStudioVersion = 17.14.36202.13 d17.14
MinimumVisualStudioVersion = 10.0.40219.1
Project("{FAE04EC0-301F-11D3-BF4B-00C04F79EFBC}") = "Lesson_19.07.25", "Lesson_19.07.25\Lesson_19.07.25.csproj", "{BCBEEE5E-6B39-4DFE-942D-6D6F1F6380F2}"
EndProject
Global
	GlobalSection(SolutionConfigurationPlatforms) = preSolution
		Debug|Any CPU = Debug|Any CPU
		Release|Any CPU = Release|Any CPU
	EndGlobalSection
	GlobalSection(ProjectConfigurationPlatforms) = postSolution
		{BCBEEE5E-6B39-4DFE-942D-6D6F1F6380F2}.Debug|Any CPU.ActiveCfg = Debug|Any CPU
		{BCBEEE5E-6B39-4DFE-942D-6D6F1F6380F2}.Debug|Any CPU.Build.0 = Debug|Any CPU
		{BCBEEE5E-6B39-4DFE-942D-6D6F1F6380F2}.Release|Any CPU.ActiveCfg = Release|Any CPU
		{BCBEEE5E-6B39-4DFE-942D-6D6F1F6380F2}.Release|Any CPU.Build.0 = Release|Any CPU
	EndGlobalSection
	GlobalSection(SolutionProperties) = preSolution
		HideSolutionNode = FALSE
	EndGlobalSection
	GlobalSection(ExtensibilityGlobals) = postSolution
		SolutionGuid = {03224961-CDDE-4F58-B21B-60645D4F08EA}
	EndGlobalSection
EndGlobal
