
Microsoft Visual Studio Solution File, Format Version 12.00
# Visual Studio Version 17
VisualStudioVersion = 17.14.36202.13 d17.14
MinimumVisualStudioVersion = 10.0.40219.1
Project("{FAE04EC0-301F-11D3-BF4B-00C04F79EFBC}") = "Lesson_22.07.25", "Lesson_22.07.25\Lesson_22.07.25.csproj", "{6F6A0C04-B3E5-4699-9F27-A90A12F556C9}"
EndProject
Global
	GlobalSection(SolutionConfigurationPlatforms) = preSolution
		Debug|Any CPU = Debug|Any CPU
		Release|Any CPU = Release|Any CPU
	EndGlobalSection
	GlobalSection(ProjectConfigurationPlatforms) = postSolution
		{6F6A0C04-B3E5-4699-9F27-A90A12F556C9}.Debug|Any CPU.ActiveCfg = Debug|Any CPU
		{6F6A0C04-B3E5-4699-9F27-A90A12F556C9}.Debug|Any CPU.Build.0 = Debug|Any CPU
		{6F6A0C04-B3E5-4699-9F27-A90A12F556C9}.Release|Any CPU.ActiveCfg = Release|Any CPU
		{6F6A0C04-B3E5-4699-9F27-A90A12F556C9}.Release|Any CPU.Build.0 = Release|Any CPU
	EndGlobalSection
	GlobalSection(SolutionProperties) = preSolution
		HideSolutionNode = FALSE
	EndGlobalSection
	GlobalSection(ExtensibilityGlobals) = postSolution
		SolutionGuid = {385B9521-37B7-459C-B939-3714BDDF80E3}
	EndGlobalSection
EndGlobal
